{
  "originHash" : "d9492b966228916df1425e0f4d434e335caab3a881ff771108ab5700e927215c",
  "pins" : [
    {
      "identity" : "swiftcbor",
      "kind" : "remoteSourceControl",
      "location" : "https://github.com/unrelentingtech/SwiftCBOR.git",
      "state" : {
        "revision" : "fd929a6d8f7651ce0f63fc99397fd5762358cc29",
        "version" : "0.6.0"
      }
    }
  ],
  "version" : 3
}
